
Microsoft Visual Studio Solution File, Format Version 12.00
# Visual Studio Version 16
VisualStudioVersion = 16.0.32428.217
MinimumVisualStudioVersion = 10.0.40219.1
Project("{FAE04EC0-301F-11D3-BF4B-00C04F79EFBC}") = "FluentApiDemp", "FluentApiDemp\FluentApiDemp.csproj", "{31CE4EA1-E67A-4C45-A8CF-E1950325EC61}"
EndProject
Global
	GlobalSection(SolutionConfigurationPlatforms) = preSolution
		Debug|Any CPU = Debug|Any CPU
		Release|Any CPU = Release|Any CPU
	EndGlobalSection
	GlobalSection(ProjectConfigurationPlatforms) = postSolution
		{31CE4EA1-E67A-4C45-A8CF-E1950325EC61}.Debug|Any CPU.ActiveCfg = Debug|Any CPU
		{31CE4EA1-E67A-4C45-A8CF-E1950325EC61}.Debug|Any CPU.Build.0 = Debug|Any CPU
		{31CE4EA1-E67A-4C45-A8CF-E1950325EC61}.Release|Any CPU.ActiveCfg = Release|Any CPU
		{31CE4EA1-E67A-4C45-A8CF-E1950325EC61}.Release|Any CPU.Build.0 = Release|Any CPU
	EndGlobalSection
	GlobalSection(SolutionProperties) = preSolution
		HideSolutionNode = FALSE
	EndGlobalSection
	GlobalSection(ExtensibilityGlobals) = postSolution
		SolutionGuid = {09D03E6D-73E9-4B70-9C16-AE9B09141A63}
	EndGlobalSection
EndGlobal
