
Microsoft Visual Studio Solution File, Format Version 12.00
# Visual Studio Version 16
VisualStudioVersion = 16.0.32428.217
MinimumVisualStudioVersion = 10.0.40219.1
Project("{F184B08F-C81C-45F6-A57F-5ABD9991F28F}") = "DBFirst", "DBFirst\DBFirst.vbproj", "{813CE7B8-FBE1-4FFB-85DA-28E606CE5A26}"
EndProject
Global
	GlobalSection(SolutionConfigurationPlatforms) = preSolution
		Debug|Any CPU = Debug|Any CPU
		Release|Any CPU = Release|Any CPU
	EndGlobalSection
	GlobalSection(ProjectConfigurationPlatforms) = postSolution
		{813CE7B8-FBE1-4FFB-85DA-28E606CE5A26}.Debug|Any CPU.ActiveCfg = Debug|Any CPU
		{813CE7B8-FBE1-4FFB-85DA-28E606CE5A26}.Debug|Any CPU.Build.0 = Debug|Any CPU
		{813CE7B8-FBE1-4FFB-85DA-28E606CE5A26}.Release|Any CPU.ActiveCfg = Release|Any CPU
		{813CE7B8-FBE1-4FFB-85DA-28E606CE5A26}.Release|Any CPU.Build.0 = Release|Any CPU
	EndGlobalSection
	GlobalSection(SolutionProperties) = preSolution
		HideSolutionNode = FALSE
	EndGlobalSection
	GlobalSection(ExtensibilityGlobals) = postSolution
		SolutionGuid = {D2B89667-AB71-4D5A-95D6-47210FFDC856}
	EndGlobalSection
EndGlobal
