
Microsoft Visual Studio Solution File, Format Version 12.00
# Visual Studio Version 16
VisualStudioVersion = 16.0.32428.217
MinimumVisualStudioVersion = 10.0.40219.1
Project("{FAE04EC0-301F-11D3-BF4B-00C04F79EFBC}") = "DataAnnotationDemo", "DataAnnotationDemo\DataAnnotationDemo.csproj", "{E5FE8B32-8473-4137-B4AF-E9454655ACB1}"
EndProject
Global
	GlobalSection(SolutionConfigurationPlatforms) = preSolution
		Debug|Any CPU = Debug|Any CPU
		Release|Any CPU = Release|Any CPU
	EndGlobalSection
	GlobalSection(ProjectConfigurationPlatforms) = postSolution
		{E5FE8B32-8473-4137-B4AF-E9454655ACB1}.Debug|Any CPU.ActiveCfg = Debug|Any CPU
		{E5FE8B32-8473-4137-B4AF-E9454655ACB1}.Debug|Any CPU.Build.0 = Debug|Any CPU
		{E5FE8B32-8473-4137-B4AF-E9454655ACB1}.Release|Any CPU.ActiveCfg = Release|Any CPU
		{E5FE8B32-8473-4137-B4AF-E9454655ACB1}.Release|Any CPU.Build.0 = Release|Any CPU
	EndGlobalSection
	GlobalSection(SolutionProperties) = preSolution
		HideSolutionNode = FALSE
	EndGlobalSection
	GlobalSection(ExtensibilityGlobals) = postSolution
		SolutionGuid = {DD5ADB65-7997-4B18-8664-0E0E57261E9C}
	EndGlobalSection
EndGlobal
