
Microsoft Visual Studio Solution File, Format Version 12.00
# Visual Studio Version 16
VisualStudioVersion = 16.0.32126.315
MinimumVisualStudioVersion = 10.0.40219.1
Project("{FAE04EC0-301F-11D3-BF4B-00C04F79EFBC}") = "securitydemo", "securitydemo.csproj", "{B4FA5A8C-C9D9-4842-B406-9CC34C58EA3E}"
EndProject
Global
	GlobalSection(SolutionConfigurationPlatforms) = preSolution
		Debug|Any CPU = Debug|Any CPU
		Release|Any CPU = Release|Any CPU
	EndGlobalSection
	GlobalSection(ProjectConfigurationPlatforms) = postSolution
		{B4FA5A8C-C9D9-4842-B406-9CC34C58EA3E}.Debug|Any CPU.ActiveCfg = Debug|Any CPU
		{B4FA5A8C-C9D9-4842-B406-9CC34C58EA3E}.Debug|Any CPU.Build.0 = Debug|Any CPU
		{B4FA5A8C-C9D9-4842-B406-9CC34C58EA3E}.Release|Any CPU.ActiveCfg = Release|Any CPU
		{B4FA5A8C-C9D9-4842-B406-9CC34C58EA3E}.Release|Any CPU.Build.0 = Release|Any CPU
	EndGlobalSection
	GlobalSection(SolutionProperties) = preSolution
		HideSolutionNode = FALSE
	EndGlobalSection
	GlobalSection(ExtensibilityGlobals) = postSolution
		SolutionGuid = {69704EA7-3803-4178-BD9B-28D45A9BE45F}
	EndGlobalSection
EndGlobal
