
Microsoft Visual Studio Solution File, Format Version 12.00
# Visual Studio Version 16
VisualStudioVersion = 16.0.32428.217
MinimumVisualStudioVersion = 10.0.40219.1
Project("{FAE04EC0-301F-11D3-BF4B-00C04F79EFBC}") = "MVC_Features", "MVC_Features\MVC_Features.csproj", "{FFD403BF-ED2E-4BB0-BB03-9132D65D88CB}"
EndProject
Global
	GlobalSection(SolutionConfigurationPlatforms) = preSolution
		Debug|Any CPU = Debug|Any CPU
		Release|Any CPU = Release|Any CPU
	EndGlobalSection
	GlobalSection(ProjectConfigurationPlatforms) = postSolution
		{FFD403BF-ED2E-4BB0-BB03-9132D65D88CB}.Debug|Any CPU.ActiveCfg = Debug|Any CPU
		{FFD403BF-ED2E-4BB0-BB03-9132D65D88CB}.Debug|Any CPU.Build.0 = Debug|Any CPU
		{FFD403BF-ED2E-4BB0-BB03-9132D65D88CB}.Release|Any CPU.ActiveCfg = Release|Any CPU
		{FFD403BF-ED2E-4BB0-BB03-9132D65D88CB}.Release|Any CPU.Build.0 = Release|Any CPU
	EndGlobalSection
	GlobalSection(SolutionProperties) = preSolution
		HideSolutionNode = FALSE
	EndGlobalSection
	GlobalSection(ExtensibilityGlobals) = postSolution
		SolutionGuid = {F40F87EB-7EC0-4ED3-A7D7-5E8C55B9A03A}
	EndGlobalSection
EndGlobal
