
Microsoft Visual Studio Solution File, Format Version 12.00
# Visual Studio Version 16
VisualStudioVersion = 16.0.32428.217
MinimumVisualStudioVersion = 10.0.40219.1
Project("{FAE04EC0-301F-11D3-BF4B-00C04F79EFBC}") = "Threading", "Threading\Threading.csproj", "{5295EE6C-6320-4117-ACF8-9C9BDB8804DF}"
EndProject
Global
	GlobalSection(SolutionConfigurationPlatforms) = preSolution
		Debug|Any CPU = Debug|Any CPU
		Release|Any CPU = Release|Any CPU
	EndGlobalSection
	GlobalSection(ProjectConfigurationPlatforms) = postSolution
		{5295EE6C-6320-4117-ACF8-9C9BDB8804DF}.Debug|Any CPU.ActiveCfg = Debug|Any CPU
		{5295EE6C-6320-4117-ACF8-9C9BDB8804DF}.Debug|Any CPU.Build.0 = Debug|Any CPU
		{5295EE6C-6320-4117-ACF8-9C9BDB8804DF}.Release|Any CPU.ActiveCfg = Release|Any CPU
		{5295EE6C-6320-4117-ACF8-9C9BDB8804DF}.Release|Any CPU.Build.0 = Release|Any CPU
	EndGlobalSection
	GlobalSection(SolutionProperties) = preSolution
		HideSolutionNode = FALSE
	EndGlobalSection
	GlobalSection(ExtensibilityGlobals) = postSolution
		SolutionGuid = {27045527-3233-4E6E-A1F2-67495C0FBB84}
	EndGlobalSection
EndGlobal
